{
  "object": {
    "pins": [
      {
        "package": "GameOMatKit",
        "repositoryURL": "/Users/lou/project/GameOMatKit",
        "state": {
          "branch": "master",
          "revision": "f1fa44950af43aef0edf455d76f692bf502b7461",
          "version": null
        }
      }
    ]
  },
  "version": 1
}
