{
  "object": {
    "pins": [
      {
        "package": "GameOMatKit",
        "repositoryURL": "/Users/lou/project/GameOMatKit",
        "state": {
          "branch": "master",
          "revision": "c385cd7712fa9f0a3a27d03c1e2bc4fa45037b37",
          "version": null
        }
      }
    ]
  },
  "version": 1
}
